
Microsoft Visual Studio Solution File, Format Version 12.00
# Visual Studio Version 17
VisualStudioVersion = 17.11.35312.102
MinimumVisualStudioVersion = 10.0.40219.1
Project("{FAE04EC0-301F-11D3-BF4B-00C04F79EFBC}") = "arrray-task", "arrray-task\arrray-task.csproj", "{BCAF372D-FC66-4347-A1AA-5C162E3D7FE8}"
EndProject
Global
	GlobalSection(SolutionConfigurationPlatforms) = preSolution
		Debug|Any CPU = Debug|Any CPU
		Release|Any CPU = Release|Any CPU
	EndGlobalSection
	GlobalSection(ProjectConfigurationPlatforms) = postSolution
		{BCAF372D-FC66-4347-A1AA-5C162E3D7FE8}.Debug|Any CPU.ActiveCfg = Debug|Any CPU
		{BCAF372D-FC66-4347-A1AA-5C162E3D7FE8}.Debug|Any CPU.Build.0 = Debug|Any CPU
		{BCAF372D-FC66-4347-A1AA-5C162E3D7FE8}.Release|Any CPU.ActiveCfg = Release|Any CPU
		{BCAF372D-FC66-4347-A1AA-5C162E3D7FE8}.Release|Any CPU.Build.0 = Release|Any CPU
	EndGlobalSection
	GlobalSection(SolutionProperties) = preSolution
		HideSolutionNode = FALSE
	EndGlobalSection
	GlobalSection(ExtensibilityGlobals) = postSolution
		SolutionGuid = {07192E99-3845-41CA-9944-F41694679815}
	EndGlobalSection
EndGlobal
